# Each schema's version and the sha256 of its file. A test fails when a file
# changes without a new version here and in its x-version: see AGENTS.md.

status.v1.json 1.2.0 e7ba28f8cac16f0235b8112506f188b7bd7db31f7fa3c0a190aaf11b4277f737
sweep-plan.v1.json 1.2.0 17cfdfa16cd2b0a5e677d7d5c3e21e7a5fc8d36320291c4d38d8a6a56f60a111
sweep.v1.json 1.2.0 a6f33348b567e333e5d58ec59c53b5b26c6ff2c62433394ae3ad55de41718449
up.v1.json 1.2.0 d28ec13aeba431898708b52022202ea0dcb1fe3c52d7108b472b1ae0f128f03c
sync.v1.json 1.0.0 0284b0d212c525155a38dae91bb6abcf34db25f41413db65e21d4192dad8141d
sync-run.v1.json 1.1.0 c34f0dc1d107b57e01cb0a5b8aef8b25817d14d3f417e1597f62b6c2096d73dd
checkout.v1.json 1.0.0 e2d85459399e46c60b6fb36ca65e95c274cb1f0e531842ad7adf430a8a9ba5ff
checkout-plan.v1.json 1.0.0 9d859c19580eed0d2ac8bb72a76a865739bcb2a678c0b9eb0d73c2254567d311
new.v1.json 1.0.0 1f7fac700014e17e2d50c492243fb8df0aacaefa6e17f29aa94b3e3d6c0079f1
new-plan.v1.json 1.0.0 378e9bb9030042d6c1712fe34e922006bdb2e89b290e8223f98bab70d7b4729c
recovery.v1.json 1.0.0 b032d1e29eafe5f1d16271b780d3a3ed900caada09794ebe3d1cd8136476ad5c
restore-plan.v1.json 1.0.0 b9c1584c0c7dd9b37b498f93eedaa461e9c073b7e9725a769240cbd99fdd0213
restore.v1.json 1.0.0 4431cdb2bff4bb6372e7bbf97808b6f18afc0d37f07df55c6c0eab8ceed0fc58
remove-plan.v1.json 1.0.0 ad72adfe1819bc77b4306b06d680076001363a5445cacd130c6e7f6496cab490
remove.v1.json 1.0.0 baad1cb5b32921937f7804cc57a9c9b342f2f9df1c0c520b8de1ef98e786ad33
