# Each schema's version and the sha256 of its file. A test fails when a file
# changes without a new version here and in its x-version: see AGENTS.md.

status.v1.json 1.4.0 8cffef364e24ef2ce96b9be60a4e294a588f0ab1b6e352a8e5739e6eced587c3
sweep-plan.v1.json 1.4.0 3aa46a0259446d7e90e46db1a321252d69f8b55bbe247926a8778716e4a48081
sweep.v1.json 1.3.0 209cba92c86870b12dc30fb56fb0529fb07c776fe2d6d4c49f85b9b2ae2b2447
up.v1.json 1.3.0 e01ab76a90e27d61b6a9687c6f1e2cf25399c15a17fc68aa474463584f85e167
sync.v1.json 1.1.0 8d00f8097f4ee265a63c1915761cdd091e5620ff25dcc28406d1f4b523c5b4d4
sync-run.v1.json 1.1.0 c34f0dc1d107b57e01cb0a5b8aef8b25817d14d3f417e1597f62b6c2096d73dd
checkout.v1.json 1.1.0 c42bb931b9956fa592fcd11c817d1abb9e23998120836ddcf40036ea663ea595
checkout-plan.v1.json 1.3.0 1d6d4774e5081a1e08e150c183b9af5142a7a399cea4dfc5ef199e1923f9338b
new.v1.json 1.0.0 1f7fac700014e17e2d50c492243fb8df0aacaefa6e17f29aa94b3e3d6c0079f1
new-plan.v1.json 1.2.0 301161f0d8c8bc3a95371e75cee87f426c31030ee4721e75153eeb310fb9ba0b
recovery.v1.json 1.2.0 36046f1d2310fbf4536f2f686afcdce65722b93b9c93bddf14b3b921ec561e15
restore-plan.v1.json 1.1.0 ebd528800dfeae4cc6c2109b148b675355a761d4fb7303e3778be55a2be9c11b
restore.v1.json 1.0.0 4431cdb2bff4bb6372e7bbf97808b6f18afc0d37f07df55c6c0eab8ceed0fc58
remove-plan.v1.json 1.1.0 63fea3a750da03bc66a3a526d49201e4f53eaa8a956cc2fcbc6a60cdcea72445
remove.v1.json 1.1.0 6c9e3aa74c1e0d032bd055df5ffa90c051d375dc955468ca17e95c9e882ee399
quarantine-purge.v1.json 1.0.0 7dadc426104d784c3e8d294b7600752aafc8c3086afb5eb6ca5600f8c9871356
quarantine-purge-plan.v1.json 1.0.0 db134da9412151696f926c8a678213a1505479d02ce660cbb7c7e9dbc0e26904
